{
  "version": "1",
  "sources": {
    "nixpkgs": {
      "type": "GitHub",
      "fetchType": "tarball",
      "owner": "NixOS",
      "repo": "nixpkgs",
      "branch": "nixpkgs-unstable",
      "revision": "c12c63cd6c5eb34c7b4c3076c6a99e00fcab86ec",
      "url": "https://github.com/NixOS/nixpkgs/archive/c12c63cd6c5eb34c7b4c3076c6a99e00fcab86ec.tar.gz",
      "hash": "sha256-W4Ri1ZwYuNcBzqQQa7NnWfrv0wHMo7rduTWjIeU9dZk="
    }
  }
}
