{
  "version": "1",
  "sources": {
    "nixpkgs": {
      "type": "GitHub",
      "fetchType": "tarball",
      "owner": "NixOS",
      "repo": "nixpkgs",
      "branch": "nixpkgs-unstable",
      "revision": "ac055f38c798b0d87695240c7b761b82fc7e5bc2",
      "url": "https://github.com/NixOS/nixpkgs/archive/ac055f38c798b0d87695240c7b761b82fc7e5bc2.tar.gz",
      "hash": "sha256-trTtk3WTOHz7hSw89xIIvahkgoFJYQ0G43IlqprFoMA="
    }
  }
}
