{
  "version": "1",
  "sources": {
    "nixpkgs": {
      "type": "GitHub",
      "fetchType": "tarball",
      "owner": "NixOS",
      "repo": "nixpkgs",
      "branch": "nixpkgs-unstable",
      "revision": "53614373268559d054c080d070cfc732dbe68ac4",
      "url": "https://github.com/NixOS/nixpkgs/archive/53614373268559d054c080d070cfc732dbe68ac4.tar.gz",
      "hash": "sha256-fB2ISCc+xn+9hZ6gOsABxSBcsCgLCjbJ5bC6U9bPzQ4="
    }
  }
}
